// !$*UTF8*$!
{
	archiveVersion = 1;
	classes = {
	};
	objectVersion = 55;
	objects = {

/* Begin PBXBuildFile section */
		6C7FCC1527C7B7C400913554 /* Tests_iOS.swift in Sources */ = {isa = PBXBuildFile; fileRef = 6C7FCC1427C7B7C400913554 /* Tests_iOS.swift */; };
		6C7FCC1727C7B7C400913554 /* Tests_iOSLaunchTests.swift in Sources */ = {isa = PBXBuildFile; fileRef = 6C7FCC1627C7B7C400913554 /* Tests_iOSLaunchTests.swift */; };
		6C7FCC2127C7B7C400913554 /* Tests_macOS.swift in Sources */ = {isa = PBXBuildFile; fileRef = 6C7FCC2027C7B7C400913554 /* Tests_macOS.swift */; };
		6C7FCC2327C7B7C400913554 /* Tests_macOSLaunchTests.swift in Sources */ = {isa = PBXBuildFile; fileRef = 6C7FCC2227C7B7C400913554 /* Tests_macOSLaunchTests.swift */; };
		6C7FCC2427C7B7C400913554 /* SwiftUI_AppStorageApp.swift in Sources */ = {isa = PBXBuildFile; fileRef = 6C7FCBFC27C7B7C200913554 /* SwiftUI_AppStorageApp.swift */; };
		6C7FCC2527C7B7C400913554 /* SwiftUI_AppStorageApp.swift in Sources */ = {isa = PBXBuildFile; fileRef = 6C7FCBFC27C7B7C200913554 /* SwiftUI_AppStorageApp.swift */; };
		6C7FCC2627C7B7C400913554 /* ContentView.swift in Sources */ = {isa = PBXBuildFile; fileRef = 6C7FCBFD27C7B7C200913554 /* ContentView.swift */; };
		6C7FCC2727C7B7C400913554 /* ContentView.swift in Sources */ = {isa = PBXBuildFile; fileRef = 6C7FCBFD27C7B7C200913554 /* ContentView.swift */; };
		6C7FCC2827C7B7C400913554 /* Assets.xcassets in Resources */ = {isa = PBXBuildFile; fileRef = 6C7FCBFE27C7B7C400913554 /* Assets.xcassets */; };
		6C7FCC2927C7B7C400913554 /* Assets.xcassets in Resources */ = {isa = PBXBuildFile; fileRef = 6C7FCBFE27C7B7C400913554 /* Assets.xcassets */; };
		6C7FCC3927C7B87500913554 /* OnboardingView.swift in Sources */ = {isa = PBXBuildFile; fileRef = 6C7FCC3827C7B87500913554 /* OnboardingView.swift */; };
		6C7FCC3A27C7B87500913554 /* OnboardingView.swift in Sources */ = {isa = PBXBuildFile; fileRef = 6C7FCC3827C7B87500913554 /* OnboardingView.swift */; };
		6C7FCC3C27C7B87A00913554 /* HomeView.swift in Sources */ = {isa = PBXBuildFile; fileRef = 6C7FCC3B27C7B87A00913554 /* HomeView.swift */; };
		6C7FCC3D27C7B87A00913554 /* HomeView.swift in Sources */ = {isa = PBXBuildFile; fileRef = 6C7FCC3B27C7B87A00913554 /* HomeView.swift */; };
/* End PBXBuildFile section */

/* Begin PBXContainerItemProxy section */
		6C7FCC1127C7B7C400913554 /* PBXContainerItemProxy */ = {
			isa = PBXContainerItemProxy;
			containerPortal = 6C7FCBF727C7B7C100913554 /* Project object */;
			proxyType = 1;
			remoteGlobalIDString = 6C7FCC0227C7B7C400913554;
			remoteInfo = "SwiftUI_AppStorage (iOS)";
		};
		6C7FCC1D27C7B7C400913554 /* PBXContainerItemProxy */ = {
			isa = PBXContainerItemProxy;
			containerPortal = 6C7FCBF727C7B7C100913554 /* Project object */;
			proxyType = 1;
			remoteGlobalIDString = 6C7FCC0827C7B7C400913554;
			remoteInfo = "SwiftUI_AppStorage (macOS)";
		};
/* End PBXContainerItemProxy section */

/* Begin PBXFileReference section */
		6C7FCBFC27C7B7C200913554 /* SwiftUI_AppStorageApp.swift */ = {isa = PBXFileReference; lastKnownFileType = sourcecode.swift; path = SwiftUI_AppStorageApp.swift; sourceTree = "<group>"; };
		6C7FCBFD27C7B7C200913554 /* ContentView.swift */ = {isa = PBXFileReference; lastKnownFileType = sourcecode.swift; path = ContentView.swift; sourceTree = "<group>"; };
		6C7FCBFE27C7B7C400913554 /* Assets.xcassets */ = {isa = PBXFileReference; lastKnownFileType = folder.assetcatalog; path = Assets.xcassets; sourceTree = "<group>"; };
		6C7FCC0327C7B7C400913554 /* SwiftUI_AppStorage.app */ = {isa = PBXFileReference; explicitFileType = wrapper.application; includeInIndex = 0; path = SwiftUI_AppStorage.app; sourceTree = BUILT_PRODUCTS_DIR; };
		6C7FCC0927C7B7C400913554 /* SwiftUI_AppStorage.app */ = {isa = PBXFileReference; explicitFileType = wrapper.application; includeInIndex = 0; path = SwiftUI_AppStorage.app; sourceTree = BUILT_PRODUCTS_DIR; };
		6C7FCC0B27C7B7C400913554 /* macOS.entitlements */ = {isa = PBXFileReference; lastKnownFileType = text.plist.entitlements; path = macOS.entitlements; sourceTree = "<group>"; };
		6C7FCC1027C7B7C400913554 /* Tests iOS.xctest */ = {isa = PBXFileReference; explicitFileType = wrapper.cfbundle; includeInIndex = 0; path = "Tests iOS.xctest"; sourceTree = BUILT_PRODUCTS_DIR; };
		6C7FCC1427C7B7C400913554 /* Tests_iOS.swift */ = {isa = PBXFileReference; lastKnownFileType = sourcecode.swift; path = Tests_iOS.swift; sourceTree = "<group>"; };
		6C7FCC1627C7B7C400913554 /* Tests_iOSLaunchTests.swift */ = {isa = PBXFileReference; lastKnownFileType = sourcecode.swift; path = Tests_iOSLaunchTests.swift; sourceTree = "<group>"; };
		6C7FCC1C27C7B7C400913554 /* Tests macOS.xctest */ = {isa = PBXFileReference; explicitFileType = wrapper.cfbundle; includeInIndex = 0; path = "Tests macOS.xctest"; sourceTree = BUILT_PRODUCTS_DIR; };
		6C7FCC2027C7B7C400913554 /* Tests_macOS.swift */ = {isa = PBXFileReference; lastKnownFileType = sourcecode.swift; path = Tests_macOS.swift; sourceTree = "<group>"; };
		6C7FCC2227C7B7C400913554 /* Tests_macOSLaunchTests.swift */ = {isa = PBXFileReference; lastKnownFileType = sourcecode.swift; path = Tests_macOSLaunchTests.swift; sourceTree = "<group>"; };
		6C7FCC3827C7B87500913554 /* OnboardingView.swift */ = {isa = PBXFileReference; lastKnownFileType = sourcecode.swift; path = OnboardingView.swift; sourceTree = "<group>"; };
		6C7FCC3B27C7B87A00913554 /* HomeView.swift */ = {isa = PBXFileReference; lastKnownFileType = sourcecode.swift; path = HomeView.swift; sourceTree = "<group>"; };
/* End PBXFileReference section */

/* Begin PBXFrameworksBuildPhase section */
		6C7FCC0027C7B7C400913554 /* Frameworks */ = {
			isa = PBXFrameworksBuildPhase;
			buildActionMask = 2147483647;
			files = (
			);
			runOnlyForDeploymentPostprocessing = 0;
		};
		6C7FCC0627C7B7C400913554 /* Frameworks */ = {
			isa = PBXFrameworksBuildPhase;
			buildActionMask = 2147483647;
			files = (
			);
			runOnlyForDeploymentPostprocessing = 0;
		};
		6C7FCC0D27C7B7C400913554 /* Frameworks */ = {
			isa = PBXFrameworksBuildPhase;
			buildActionMask = 2147483647;
			files = (
			);
			runOnlyForDeploymentPostprocessing = 0;
		};
		6C7FCC1927C7B7C400913554 /* Frameworks */ = {
			isa = PBXFrameworksBuildPhase;
			buildActionMask = 2147483647;
			files = (
			);
			runOnlyForDeploymentPostprocessing = 0;
		};
/* End PBXFrameworksBuildPhase section */

/* Begin PBXGroup section */
		6C7FCBF627C7B7C100913554 = {
			isa = PBXGroup;
			children = (
				6C7FCBFB27C7B7C200913554 /* Shared */,
				6C7FCC0A27C7B7C400913554 /* macOS */,
				6C7FCC1327C7B7C400913554 /* Tests iOS */,
				6C7FCC1F27C7B7C400913554 /* Tests macOS */,
				6C7FCC0427C7B7C400913554 /* Products */,
			);
			sourceTree = "<group>";
		};
		6C7FCBFB27C7B7C200913554 /* Shared */ = {
			isa = PBXGroup;
			children = (
				6C7FCC3E27C7B88200913554 /* Screen */,
				6C7FCBFC27C7B7C200913554 /* SwiftUI_AppStorageApp.swift */,
				6C7FCBFE27C7B7C400913554 /* Assets.xcassets */,
			);
			path = Shared;
			sourceTree = "<group>";
		};
		6C7FCC0427C7B7C400913554 /* Products */ = {
			isa = PBXGroup;
			children = (
				6C7FCC0327C7B7C400913554 /* SwiftUI_AppStorage.app */,
				6C7FCC0927C7B7C400913554 /* SwiftUI_AppStorage.app */,
				6C7FCC1027C7B7C400913554 /* Tests iOS.xctest */,
				6C7FCC1C27C7B7C400913554 /* Tests macOS.xctest */,
			);
			name = Products;
			sourceTree = "<group>";
		};
		6C7FCC0A27C7B7C400913554 /* macOS */ = {
			isa = PBXGroup;
			children = (
				6C7FCC0B27C7B7C400913554 /* macOS.entitlements */,
			);
			path = macOS;
			sourceTree = "<group>";
		};
		6C7FCC1327C7B7C400913554 /* Tests iOS */ = {
			isa = PBXGroup;
			children = (
				6C7FCC1427C7B7C400913554 /* Tests_iOS.swift */,
				6C7FCC1627C7B7C400913554 /* Tests_iOSLaunchTests.swift */,
			);
			path = "Tests iOS";
			sourceTree = "<group>";
		};
		6C7FCC1F27C7B7C400913554 /* Tests macOS */ = {
			isa = PBXGroup;
			children = (
				6C7FCC2027C7B7C400913554 /* Tests_macOS.swift */,
				6C7FCC2227C7B7C400913554 /* Tests_macOSLaunchTests.swift */,
			);
			path = "Tests macOS";
			sourceTree = "<group>";
		};
		6C7FCC3E27C7B88200913554 /* Screen */ = {
			isa = PBXGroup;
			children = (
				6C7FCBFD27C7B7C200913554 /* ContentView.swift */,
				6C7FCC3827C7B87500913554 /* OnboardingView.swift */,
				6C7FCC3B27C7B87A00913554 /* HomeView.swift */,
			);
			path = Screen;
			sourceTree = "<group>";
		};
/* End PBXGroup section */

/* Begin PBXNativeTarget section */
		6C7FCC0227C7B7C400913554 /* SwiftUI_AppStorage (iOS) */ = {
			isa = PBXNativeTarget;
			buildConfigurationList = 6C7FCC2C27C7B7C400913554 /* Build configuration list for PBXNativeTarget "SwiftUI_AppStorage (iOS)" */;
			buildPhases = (
				6C7FCBFF27C7B7C400913554 /* Sources */,
				6C7FCC0027C7B7C400913554 /* Frameworks */,
				6C7FCC0127C7B7C400913554 /* Resources */,
			);
			buildRules = (
			);
			dependencies = (
			);
			name = "SwiftUI_AppStorage (iOS)";
			productName = "SwiftUI_AppStorage (iOS)";
			productReference = 6C7FCC0327C7B7C400913554 /* SwiftUI_AppStorage.app */;
			productType = "com.apple.product-type.application";
		};
		6C7FCC0827C7B7C400913554 /* SwiftUI_AppStorage (macOS) */ = {
			isa = PBXNativeTarget;
			buildConfigurationList = 6C7FCC2F27C7B7C400913554 /* Build configuration list for PBXNativeTarget "SwiftUI_AppStorage (macOS)" */;
			buildPhases = (
				6C7FCC0527C7B7C400913554 /* Sources */,
				6C7FCC0627C7B7C400913554 /* Frameworks */,
				6C7FCC0727C7B7C400913554 /* Resources */,
			);
			buildRules = (
			);
			dependencies = (
			);
			name = "SwiftUI_AppStorage (macOS)";
			productName = "SwiftUI_AppStorage (macOS)";
			productReference = 6C7FCC0927C7B7C400913554 /* SwiftUI_AppStorage.app */;
			productType = "com.apple.product-type.application";
		};
		6C7FCC0F27C7B7C400913554 /* Tests iOS */ = {
			isa = PBXNativeTarget;
			buildConfigurationList = 6C7FCC3227C7B7C400913554 /* Build configuration list for PBXNativeTarget "Tests iOS" */;
			buildPhases = (
				6C7FCC0C27C7B7C400913554 /* Sources */,
				6C7FCC0D27C7B7C400913554 /* Frameworks */,
				6C7FCC0E27C7B7C400913554 /* Resources */,
			);
			buildRules = (
			);
			dependencies = (
				6C7FCC1227C7B7C400913554 /* PBXTargetDependency */,
			);
			name = "Tests iOS";
			productName = "Tests iOS";
			productReference = 6C7FCC1027C7B7C400913554 /* Tests iOS.xctest */;
			productType = "com.apple.product-type.bundle.ui-testing";
		};
		6C7FCC1B27C7B7C400913554 /* Tests macOS */ = {
			isa = PBXNativeTarget;
			buildConfigurationList = 6C7FCC3527C7B7C400913554 /* Build configuration list for PBXNativeTarget "Tests macOS" */;
			buildPhases = (
				6C7FCC1827C7B7C400913554 /* Sources */,
				6C7FCC1927C7B7C400913554 /* Frameworks */,
				6C7FCC1A27C7B7C400913554 /* Resources */,
			);
			buildRules = (
			);
			dependencies = (
				6C7FCC1E27C7B7C400913554 /* PBXTargetDependency */,
			);
			name = "Tests macOS";
			productName = "Tests macOS";
			productReference = 6C7FCC1C27C7B7C400913554 /* Tests macOS.xctest */;
			productType = "com.apple.product-type.bundle.ui-testing";
		};
/* End PBXNativeTarget section */

/* Begin PBXProject section */
		6C7FCBF727C7B7C100913554 /* Project object */ = {
			isa = PBXProject;
			attributes = {
				BuildIndependentTargetsInParallel = 1;
				LastSwiftUpdateCheck = 1310;
				LastUpgradeCheck = 1310;
				TargetAttributes = {
					6C7FCC0227C7B7C400913554 = {
						CreatedOnToolsVersion = 13.1;
					};
					6C7FCC0827C7B7C400913554 = {
						CreatedOnToolsVersion = 13.1;
					};
					6C7FCC0F27C7B7C400913554 = {
						CreatedOnToolsVersion = 13.1;
						TestTargetID = 6C7FCC0227C7B7C400913554;
					};
					6C7FCC1B27C7B7C400913554 = {
						CreatedOnToolsVersion = 13.1;
						TestTargetID = 6C7FCC0827C7B7C400913554;
					};
				};
			};
			buildConfigurationList = 6C7FCBFA27C7B7C100913554 /* Build configuration list for PBXProject "SwiftUI_AppStorage" */;
			compatibilityVersion = "Xcode 13.0";
			developmentRegion = en;
			hasScannedForEncodings = 0;
			knownRegions = (
				en,
				Base,
			);
			mainGroup = 6C7FCBF627C7B7C100913554;
			productRefGroup = 6C7FCC0427C7B7C400913554 /* Products */;
			projectDirPath = "";
			projectRoot = "";
			targets = (
				6C7FCC0227C7B7C400913554 /* SwiftUI_AppStorage (iOS) */,
				6C7FCC0827C7B7C400913554 /* SwiftUI_AppStorage (macOS) */,
				6C7FCC0F27C7B7C400913554 /* Tests iOS */,
				6C7FCC1B27C7B7C400913554 /* Tests macOS */,
			);
		};
/* End PBXProject section */

/* Begin PBXResourcesBuildPhase section */
		6C7FCC0127C7B7C400913554 /* Resources */ = {
			isa = PBXResourcesBuildPhase;
			buildActionMask = 2147483647;
			files = (
				6C7FCC2827C7B7C400913554 /* Assets.xcassets in Resources */,
			);
			runOnlyForDeploymentPostprocessing = 0;
		};
		6C7FCC0727C7B7C400913554 /* Resources */ = {
			isa = PBXResourcesBuildPhase;
			buildActionMask = 2147483647;
			files = (
				6C7FCC2927C7B7C400913554 /* Assets.xcassets in Resources */,
			);
			runOnlyForDeploymentPostprocessing = 0;
		};
		6C7FCC0E27C7B7C400913554 /* Resources */ = {
			isa = PBXResourcesBuildPhase;
			buildActionMask = 2147483647;
			files = (
			);
			runOnlyForDeploymentPostprocessing = 0;
		};
		6C7FCC1A27C7B7C400913554 /* Resources */ = {
			isa = PBXResourcesBuildPhase;
			buildActionMask = 2147483647;
			files = (
			);
			runOnlyForDeploymentPostprocessing = 0;
		};
/* End PBXResourcesBuildPhase section */

/* Begin PBXSourcesBuildPhase section */
		6C7FCBFF27C7B7C400913554 /* Sources */ = {
			isa = PBXSourcesBuildPhase;
			buildActionMask = 2147483647;
			files = (
				6C7FCC3927C7B87500913554 /* OnboardingView.swift in Sources */,
				6C7FCC3C27C7B87A00913554 /* HomeView.swift in Sources */,
				6C7FCC2627C7B7C400913554 /* ContentView.swift in Sources */,
				6C7FCC2427C7B7C400913554 /* SwiftUI_AppStorageApp.swift in Sources */,
			);
			runOnlyForDeploymentPostprocessing = 0;
		};
		6C7FCC0527C7B7C400913554 /* Sources */ = {
			isa = PBXSourcesBuildPhase;
			buildActionMask = 2147483647;
			files = (
				6C7FCC3A27C7B87500913554 /* OnboardingView.swift in Sources */,
				6C7FCC3D27C7B87A00913554 /* HomeView.swift in Sources */,
				6C7FCC2727C7B7C400913554 /* ContentView.swift in Sources */,
				6C7FCC2527C7B7C400913554 /* SwiftUI_AppStorageApp.swift in Sources */,
			);
			runOnlyForDeploymentPostprocessing = 0;
		};
		6C7FCC0C27C7B7C400913554 /* Sources */ = {
			isa = PBXSourcesBuildPhase;
			buildActionMask = 2147483647;
			files = (
				6C7FCC1727C7B7C400913554 /* Tests_iOSLaunchTests.swift in Sources */,
				6C7FCC1527C7B7C400913554 /* Tests_iOS.swift in Sources */,
			);
			runOnlyForDeploymentPostprocessing = 0;
		};
		6C7FCC1827C7B7C400913554 /* Sources */ = {
			isa = PBXSourcesBuildPhase;
			buildActionMask = 2147483647;
			files = (
				6C7FCC2327C7B7C400913554 /* Tests_macOSLaunchTests.swift in Sources */,
				6C7FCC2127C7B7C400913554 /* Tests_macOS.swift in Sources */,
			);
			runOnlyForDeploymentPostprocessing = 0;
		};
/* End PBXSourcesBuildPhase section */

/* Begin PBXTargetDependency section */
		6C7FCC1227C7B7C400913554 /* PBXTargetDependency */ = {
			isa = PBXTargetDependency;
			target = 6C7FCC0227C7B7C400913554 /* SwiftUI_AppStorage (iOS) */;
			targetProxy = 6C7FCC1127C7B7C400913554 /* PBXContainerItemProxy */;
		};
		6C7FCC1E27C7B7C400913554 /* PBXTargetDependency */ = {
			isa = PBXTargetDependency;
			target = 6C7FCC0827C7B7C400913554 /* SwiftUI_AppStorage (macOS) */;
			targetProxy = 6C7FCC1D27C7B7C400913554 /* PBXContainerItemProxy */;
		};
/* End PBXTargetDependency section */

/* Begin XCBuildConfiguration section */
		6C7FCC2A27C7B7C400913554 /* Debug */ = {
			isa = XCBuildConfiguration;
			buildSettings = {
				ALWAYS_SEARCH_USER_PATHS = NO;
				CLANG_ANALYZER_NONNULL = YES;
				CLANG_ANALYZER_NUMBER_OBJECT_CONVERSION = YES_AGGRESSIVE;
				CLANG_CXX_LANGUAGE_STANDARD = "gnu++17";
				CLANG_CXX_LIBRARY = "libc++";
				CLANG_ENABLE_MODULES = YES;
				CLANG_ENABLE_OBJC_ARC = YES;
				CLANG_ENABLE_OBJC_WEAK = YES;
				CLANG_WARN_BLOCK_CAPTURE_AUTORELEASING = YES;
				CLANG_WARN_BOOL_CONVERSION = YES;
				CLANG_WARN_COMMA = YES;
				CLANG_WARN_CONSTANT_CONVERSION = YES;
				CLANG_WARN_DEPRECATED_OBJC_IMPLEMENTATIONS = YES;
				CLANG_WARN_DIRECT_OBJC_ISA_USAGE = YES_ERROR;
				CLANG_WARN_DOCUMENTATION_COMMENTS = YES;
				CLANG_WARN_EMPTY_BODY = YES;
				CLANG_WARN_ENUM_CONVERSION = YES;
				CLANG_WARN_INFINITE_RECURSION = YES;
				CLANG_WARN_INT_CONVERSION = YES;
				CLANG_WARN_NON_LITERAL_NULL_CONVERSION = YES;
				CLANG_WARN_OBJC_IMPLICIT_RETAIN_SELF = YES;
				CLANG_WARN_OBJC_LITERAL_CONVERSION = YES;
				CLANG_WARN_OBJC_ROOT_CLASS = YES_ERROR;
				CLANG_WARN_QUOTED_INCLUDE_IN_FRAMEWORK_HEADER = YES;
				CLANG_WARN_RANGE_LOOP_ANALYSIS = YES;
				CLANG_WARN_STRICT_PROTOTYPES = YES;
				CLANG_WARN_SUSPICIOUS_MOVE = YES;
				CLANG_WARN_UNGUARDED_AVAILABILITY = YES_AGGRESSIVE;
				CLANG_WARN_UNREACHABLE_CODE = YES;
				CLANG_WARN__DUPLICATE_METHOD_MATCH = YES;
				COPY_PHASE_STRIP = NO;
				DEBUG_INFORMATION_FORMAT = dwarf;
				ENABLE_STRICT_OBJC_MSGSEND = YES;
				ENABLE_TESTABILITY = YES;
				GCC_C_LANGUAGE_STANDARD = gnu11;
				GCC_DYNAMIC_NO_PIC = NO;
				GCC_NO_COMMON_BLOCKS = YES;
				GCC_OPTIMIZATION_LEVEL = 0;
				GCC_PREPROCESSOR_DEFINITIONS = (
					"DEBUG=1",
					"$(inherited)",
				);
				GCC_WARN_64_TO_32_BIT_CONVERSION = YES;
				GCC_WARN_ABOUT_RETURN_TYPE = YES_ERROR;
				GCC_WARN_UNDECLARED_SELECTOR = YES;
				GCC_WARN_UNINITIALIZED_AUTOS = YES_AGGRESSIVE;
				GCC_WARN_UNUSED_FUNCTION = YES;
				GCC_WARN_UNUSED_VARIABLE = YES;
				MTL_ENABLE_DEBUG_INFO = INCLUDE_SOURCE;
				MTL_FAST_MATH = YES;
				ONLY_ACTIVE_ARCH = YES;
				SWIFT_ACTIVE_COMPILATION_CONDITIONS = DEBUG;
				SWIFT_OPTIMIZATION_LEVEL = "-Onone";
			};
			name = Debug;
		};
		6C7FCC2B27C7B7C400913554 /* Release */ = {
			isa = XCBuildConfiguration;
			buildSettings = {
				ALWAYS_SEARCH_USER_PATHS = NO;
				CLANG_ANALYZER_NONNULL = YES;
				CLANG_ANALYZER_NUMBER_OBJECT_CONVERSION = YES_AGGRESSIVE;
				CLANG_CXX_LANGUAGE_STANDARD = "gnu++17";
				CLANG_CXX_LIBRARY = "libc++";
				CLANG_ENABLE_MODULES = YES;
				CLANG_ENABLE_OBJC_ARC = YES;
				CLANG_ENABLE_OBJC_WEAK = YES;
				CLANG_WARN_BLOCK_CAPTURE_AUTORELEASING = YES;
				CLANG_WARN_BOOL_CONVERSION = YES;
				CLANG_WARN_COMMA = YES;
				CLANG_WARN_CONSTANT_CONVERSION = YES;
				CLANG_WARN_DEPRECATED_OBJC_IMPLEMENTATIONS = YES;
				CLANG_WARN_DIRECT_OBJC_ISA_USAGE = YES_ERROR;
				CLANG_WARN_DOCUMENTATION_COMMENTS = YES;
				CLANG_WARN_EMPTY_BODY = YES;
				CLANG_WARN_ENUM_CONVERSION = YES;
				CLANG_WARN_INFINITE_RECURSION = YES;
				CLANG_WARN_INT_CONVERSION = YES;
				CLANG_WARN_NON_LITERAL_NULL_CONVERSION = YES;
				CLANG_WARN_OBJC_IMPLICIT_RETAIN_SELF = YES;
				CLANG_WARN_OBJC_LITERAL_CONVERSION = YES;
				CLANG_WARN_OBJC_ROOT_CLASS = YES_ERROR;
				CLANG_WARN_QUOTED_INCLUDE_IN_FRAMEWORK_HEADER = YES;
				CLANG_WARN_RANGE_LOOP_ANALYSIS = YES;
				CLANG_WARN_STRICT_PROTOTYPES = YES;
				CLANG_WARN_SUSPICIOUS_MOVE = YES;
				CLANG_WARN_UNGUARDED_AVAILABILITY = YES_AGGRESSIVE;
				CLANG_WARN_UNREACHABLE_CODE = YES;
				CLANG_WARN__DUPLICATE_METHOD_MATCH = YES;
				COPY_PHASE_STRIP = NO;
				DEBUG_INFORMATION_FORMAT = "dwarf-with-dsym";
				ENABLE_NS_ASSERTIONS = NO;
				ENABLE_STRICT_OBJC_MSGSEND = YES;
				GCC_C_LANGUAGE_STANDARD = gnu11;
				GCC_NO_COMMON_BLOCKS = YES;
				GCC_WARN_64_TO_32_BIT_CONVERSION = YES;
				GCC_WARN_ABOUT_RETURN_TYPE = YES_ERROR;
				GCC_WARN_UNDECLARED_SELECTOR = YES;
				GCC_WARN_UNINITIALIZED_AUTOS = YES_AGGRESSIVE;
				GCC_WARN_UNUSED_FUNCTION = YES;
				GCC_WARN_UNUSED_VARIABLE = YES;
				MTL_ENABLE_DEBUG_INFO = NO;
				MTL_FAST_MATH = YES;
				SWIFT_COMPILATION_MODE = wholemodule;
				SWIFT_OPTIMIZATION_LEVEL = "-O";
			};
			name = Release;
		};
		6C7FCC2D27C7B7C400913554 /* Debug */ = {
			isa = XCBuildConfiguration;
			buildSettings = {
				ASSETCATALOG_COMPILER_APPICON_NAME = AppIcon;
				ASSETCATALOG_COMPILER_GLOBAL_ACCENT_COLOR_NAME = AccentColor;
				CODE_SIGN_STYLE = Automatic;
				CURRENT_PROJECT_VERSION = 1;
				ENABLE_PREVIEWS = YES;
				GENERATE_INFOPLIST_FILE = YES;
				INFOPLIST_KEY_UIApplicationSceneManifest_Generation = YES;
				INFOPLIST_KEY_UIApplicationSupportsIndirectInputEvents = YES;
				INFOPLIST_KEY_UILaunchScreen_Generation = YES;
				INFOPLIST_KEY_UISupportedInterfaceOrientations_iPad = "UIInterfaceOrientationPortrait UIInterfaceOrientationPortraitUpsideDown UIInterfaceOrientationLandscapeLeft UIInterfaceOrientationLandscapeRight";
				INFOPLIST_KEY_UISupportedInterfaceOrientations_iPhone = "UIInterfaceOrientationPortrait UIInterfaceOrientationLandscapeLeft UIInterfaceOrientationLandscapeRight";
				IPHONEOS_DEPLOYMENT_TARGET = 15.0;
				LD_RUNPATH_SEARCH_PATHS = (
					"$(inherited)",
					"@executable_path/Frameworks",
				);
				MARKETING_VERSION = 1.0;
				PRODUCT_BUNDLE_IDENTIFIER = "seoguns-dev.SwiftUI-AppStorage";
				PRODUCT_NAME = SwiftUI_AppStorage;
				SDKROOT = iphoneos;
				SWIFT_EMIT_LOC_STRINGS = YES;
				SWIFT_VERSION = 5.0;
				TARGETED_DEVICE_FAMILY = "1,2";
			};
			name = Debug;
		};
		6C7FCC2E27C7B7C400913554 /* Release */ = {
			isa = XCBuildConfiguration;
			buildSettings = {
				ASSETCATALOG_COMPILER_APPICON_NAME = AppIcon;
				ASSETCATALOG_COMPILER_GLOBAL_ACCENT_COLOR_NAME = AccentColor;
				CODE_SIGN_STYLE = Automatic;
				CURRENT_PROJECT_VERSION = 1;
				ENABLE_PREVIEWS = YES;
				GENERATE_INFOPLIST_FILE = YES;
				INFOPLIST_KEY_UIApplicationSceneManifest_Generation = YES;
				INFOPLIST_KEY_UIApplicationSupportsIndirectInputEvents = YES;
				INFOPLIST_KEY_UILaunchScreen_Generation = YES;
				INFOPLIST_KEY_UISupportedInterfaceOrientations_iPad = "UIInterfaceOrientationPortrait UIInterfaceOrientationPortraitUpsideDown UIInterfaceOrientationLandscapeLeft UIInterfaceOrientationLandscapeRight";
				INFOPLIST_KEY_UISupportedInterfaceOrientations_iPhone = "UIInterfaceOrientationPortrait UIInterfaceOrientationLandscapeLeft UIInterfaceOrientationLandscapeRight";
				IPHONEOS_DEPLOYMENT_TARGET = 15.0;
				LD_RUNPATH_SEARCH_PATHS = (
					"$(inherited)",
					"@executable_path/Frameworks",
				);
				MARKETING_VERSION = 1.0;
				PRODUCT_BUNDLE_IDENTIFIER = "seoguns-dev.SwiftUI-AppStorage";
				PRODUCT_NAME = SwiftUI_AppStorage;
				SDKROOT = iphoneos;
				SWIFT_EMIT_LOC_STRINGS = YES;
				SWIFT_VERSION = 5.0;
				TARGETED_DEVICE_FAMILY = "1,2";
				VALIDATE_PRODUCT = YES;
			};
			name = Release;
		};
		6C7FCC3027C7B7C400913554 /* Debug */ = {
			isa = XCBuildConfiguration;
			buildSettings = {
				ASSETCATALOG_COMPILER_APPICON_NAME = AppIcon;
				ASSETCATALOG_COMPILER_GLOBAL_ACCENT_COLOR_NAME = AccentColor;
				CODE_SIGN_ENTITLEMENTS = macOS/macOS.entitlements;
				CODE_SIGN_STYLE = Automatic;
				COMBINE_HIDPI_IMAGES = YES;
				CURRENT_PROJECT_VERSION = 1;
				ENABLE_PREVIEWS = YES;
				GENERATE_INFOPLIST_FILE = YES;
				INFOPLIST_KEY_NSHumanReadableCopyright = "";
				LD_RUNPATH_SEARCH_PATHS = (
					"$(inherited)",
					"@executable_path/../Frameworks",
				);
				MACOSX_DEPLOYMENT_TARGET = 12.0;
				MARKETING_VERSION = 1.0;
				PRODUCT_BUNDLE_IDENTIFIER = "seoguns-dev.SwiftUI-AppStorage";
				PRODUCT_NAME = SwiftUI_AppStorage;
				SDKROOT = macosx;
				SWIFT_EMIT_LOC_STRINGS = YES;
				SWIFT_VERSION = 5.0;
			};
			name = Debug;
		};
		6C7FCC3127C7B7C400913554 /* Release */ = {
			isa = XCBuildConfiguration;
			buildSettings = {
				ASSETCATALOG_COMPILER_APPICON_NAME = AppIcon;
				ASSETCATALOG_COMPILER_GLOBAL_ACCENT_COLOR_NAME = AccentColor;
				CODE_SIGN_ENTITLEMENTS = macOS/macOS.entitlements;
				CODE_SIGN_STYLE = Automatic;
				COMBINE_HIDPI_IMAGES = YES;
				CURRENT_PROJECT_VERSION = 1;
				ENABLE_PREVIEWS = YES;
				GENERATE_INFOPLIST_FILE = YES;
				INFOPLIST_KEY_NSHumanReadableCopyright = "";
				LD_RUNPATH_SEARCH_PATHS = (
					"$(inherited)",
					"@executable_path/../Frameworks",
				);
				MACOSX_DEPLOYMENT_TARGET = 12.0;
				MARKETING_VERSION = 1.0;
				PRODUCT_BUNDLE_IDENTIFIER = "seoguns-dev.SwiftUI-AppStorage";
				PRODUCT_NAME = SwiftUI_AppStorage;
				SDKROOT = macosx;
				SWIFT_EMIT_LOC_STRINGS = YES;
				SWIFT_VERSION = 5.0;
			};
			name = Release;
		};
		6C7FCC3327C7B7C400913554 /* Debug */ = {
			isa = XCBuildConfiguration;
			buildSettings = {
				ALWAYS_EMBED_SWIFT_STANDARD_LIBRARIES = YES;
				CODE_SIGN_STYLE = Automatic;
				CURRENT_PROJECT_VERSION = 1;
				GENERATE_INFOPLIST_FILE = YES;
				IPHONEOS_DEPLOYMENT_TARGET = 15.0;
				LD_RUNPATH_SEARCH_PATHS = (
					"$(inherited)",
					"@executable_path/Frameworks",
					"@loader_path/Frameworks",
				);
				MARKETING_VERSION = 1.0;
				PRODUCT_BUNDLE_IDENTIFIER = "seoguns-dev.Tests-iOS";
				PRODUCT_NAME = "$(TARGET_NAME)";
				SDKROOT = iphoneos;
				SWIFT_EMIT_LOC_STRINGS = NO;
				SWIFT_VERSION = 5.0;
				TARGETED_DEVICE_FAMILY = "1,2";
				TEST_TARGET_NAME = "SwiftUI_AppStorage (iOS)";
			};
			name = Debug;
		};
		6C7FCC3427C7B7C400913554 /* Release */ = {
			isa = XCBuildConfiguration;
			buildSettings = {
				ALWAYS_EMBED_SWIFT_STANDARD_LIBRARIES = YES;
				CODE_SIGN_STYLE = Automatic;
				CURRENT_PROJECT_VERSION = 1;
				GENERATE_INFOPLIST_FILE = YES;
				IPHONEOS_DEPLOYMENT_TARGET = 15.0;
				LD_RUNPATH_SEARCH_PATHS = (
					"$(inherited)",
					"@executable_path/Frameworks",
					"@loader_path/Frameworks",
				);
				MARKETING_VERSION = 1.0;
				PRODUCT_BUNDLE_IDENTIFIER = "seoguns-dev.Tests-iOS";
				PRODUCT_NAME = "$(TARGET_NAME)";
				SDKROOT = iphoneos;
				SWIFT_EMIT_LOC_STRINGS = NO;
				SWIFT_VERSION = 5.0;
				TARGETED_DEVICE_FAMILY = "1,2";
				TEST_TARGET_NAME = "SwiftUI_AppStorage (iOS)";
				VALIDATE_PRODUCT = YES;
			};
			name = Release;
		};
		6C7FCC3627C7B7C400913554 /* Debug */ = {
			isa = XCBuildConfiguration;
			buildSettings = {
				ALWAYS_EMBED_SWIFT_STANDARD_LIBRARIES = YES;
				CODE_SIGN_STYLE = Automatic;
				COMBINE_HIDPI_IMAGES = YES;
				CURRENT_PROJECT_VERSION = 1;
				GENERATE_INFOPLIST_FILE = YES;
				LD_RUNPATH_SEARCH_PATHS = (
					"$(inherited)",
					"@executable_path/../Frameworks",
					"@loader_path/../Frameworks",
				);
				MACOSX_DEPLOYMENT_TARGET = 12.0;
				MARKETING_VERSION = 1.0;
				PRODUCT_BUNDLE_IDENTIFIER = "seoguns-dev.Tests-macOS";
				PRODUCT_NAME = "$(TARGET_NAME)";
				SDKROOT = macosx;
				SWIFT_EMIT_LOC_STRINGS = NO;
				SWIFT_VERSION = 5.0;
				TEST_TARGET_NAME = "SwiftUI_AppStorage (macOS)";
			};
			name = Debug;
		};
		6C7FCC3727C7B7C400913554 /* Release */ = {
			isa = XCBuildConfiguration;
			buildSettings = {
				ALWAYS_EMBED_SWIFT_STANDARD_LIBRARIES = YES;
				CODE_SIGN_STYLE = Automatic;
				COMBINE_HIDPI_IMAGES = YES;
				CURRENT_PROJECT_VERSION = 1;
				GENERATE_INFOPLIST_FILE = YES;
				LD_RUNPATH_SEARCH_PATHS = (
					"$(inherited)",
					"@executable_path/../Frameworks",
					"@loader_path/../Frameworks",
				);
				MACOSX_DEPLOYMENT_TARGET = 12.0;
				MARKETING_VERSION = 1.0;
				PRODUCT_BUNDLE_IDENTIFIER = "seoguns-dev.Tests-macOS";
				PRODUCT_NAME = "$(TARGET_NAME)";
				SDKROOT = macosx;
				SWIFT_EMIT_LOC_STRINGS = NO;
				SWIFT_VERSION = 5.0;
				TEST_TARGET_NAME = "SwiftUI_AppStorage (macOS)";
			};
			name = Release;
		};
/* End XCBuildConfiguration section */

/* Begin XCConfigurationList section */
		6C7FCBFA27C7B7C100913554 /* Build configuration list for PBXProject "SwiftUI_AppStorage" */ = {
			isa = XCConfigurationList;
			buildConfigurations = (
				6C7FCC2A27C7B7C400913554 /* Debug */,
				6C7FCC2B27C7B7C400913554 /* Release */,
			);
			defaultConfigurationIsVisible = 0;
			defaultConfigurationName = Release;
		};
		6C7FCC2C27C7B7C400913554 /* Build configuration list for PBXNativeTarget "SwiftUI_AppStorage (iOS)" */ = {
			isa = XCConfigurationList;
			buildConfigurations = (
				6C7FCC2D27C7B7C400913554 /* Debug */,
				6C7FCC2E27C7B7C400913554 /* Release */,
			);
			defaultConfigurationIsVisible = 0;
			defaultConfigurationName = Release;
		};
		6C7FCC2F27C7B7C400913554 /* Build configuration list for PBXNativeTarget "SwiftUI_AppStorage (macOS)" */ = {
			isa = XCConfigurationList;
			buildConfigurations = (
				6C7FCC3027C7B7C400913554 /* Debug */,
				6C7FCC3127C7B7C400913554 /* Release */,
			);
			defaultConfigurationIsVisible = 0;
			defaultConfigurationName = Release;
		};
		6C7FCC3227C7B7C400913554 /* Build configuration list for PBXNativeTarget "Tests iOS" */ = {
			isa = XCConfigurationList;
			buildConfigurations = (
				6C7FCC3327C7B7C400913554 /* Debug */,
				6C7FCC3427C7B7C400913554 /* Release */,
			);
			defaultConfigurationIsVisible = 0;
			defaultConfigurationName = Release;
		};
		6C7FCC3527C7B7C400913554 /* Build configuration list for PBXNativeTarget "Tests macOS" */ = {
			isa = XCConfigurationList;
			buildConfigurations = (
				6C7FCC3627C7B7C400913554 /* Debug */,
				6C7FCC3727C7B7C400913554 /* Release */,
			);
			defaultConfigurationIsVisible = 0;
			defaultConfigurationName = Release;
		};
/* End XCConfigurationList section */
	};
	rootObject = 6C7FCBF727C7B7C100913554 /* Project object */;
}
